// !$*UTF8*$!
{
	archiveVersion = 1;
	classes = {
	};
	objectVersion = 48;
	objects = {

/* Begin PBXBuildFile section */
		8E8FA93A23BC9C9600998479 /* AppDelegate.swift in Sources */ = {isa = PBXBuildFile; fileRef = 8E8FA93923BC9C9600998479 /* AppDelegate.swift */; };
		8E8FA93C23BC9C9600998479 /* ViewController.swift in Sources */ = {isa = PBXBuildFile; fileRef = 8E8FA93B23BC9C9600998479 /* ViewController.swift */; };
		8E8FA93F23BC9C9600998479 /* Main.storyboard in Resources */ = {isa = PBXBuildFile; fileRef = 8E8FA93D23BC9C9600998479 /* Main.storyboard */; };
		8E8FA94223BC9C9600998479 /* MyCoreData.xcdatamodeld in Sources */ = {isa = PBXBuildFile; fileRef = 8E8FA94023BC9C9600998479 /* MyCoreData.xcdatamodeld */; };
		8E8FA94423BC9C9600998479 /* Assets.xcassets in Resources */ = {isa = PBXBuildFile; fileRef = 8E8FA94323BC9C9600998479 /* Assets.xcassets */; };
		8E8FA94723BC9C9600998479 /* LaunchScreen.storyboard in Resources */ = {isa = PBXBuildFile; fileRef = 8E8FA94523BC9C9600998479 /* LaunchScreen.storyboard */; };
		8EBA441523C7261A00B32D1A /* MYTableViewCell.swift in Sources */ = {isa = PBXBuildFile; fileRef = 8EBA441423C7261A00B32D1A /* MYTableViewCell.swift */; };
		8EEF3B1C23C72BFC00B6673F /* MYTableViewController.swift in Sources */ = {isa = PBXBuildFile; fileRef = 8EEF3B1B23C72BFC00B6673F /* MYTableViewController.swift */; };
/* End PBXBuildFile section */

/* Begin PBXFileReference section */
		8E8FA93623BC9C9600998479 /* MyCoreData.app */ = {isa = PBXFileReference; explicitFileType = wrapper.application; includeInIndex = 0; path = MyCoreData.app; sourceTree = BUILT_PRODUCTS_DIR; };
		8E8FA93923BC9C9600998479 /* AppDelegate.swift */ = {isa = PBXFileReference; lastKnownFileType = sourcecode.swift; path = AppDelegate.swift; sourceTree = "<group>"; };
		8E8FA93B23BC9C9600998479 /* ViewController.swift */ = {isa = PBXFileReference; lastKnownFileType = sourcecode.swift; path = ViewController.swift; sourceTree = "<group>"; };
		8E8FA93E23BC9C9600998479 /* Base */ = {isa = PBXFileReference; lastKnownFileType = file.storyboard; name = Base; path = Base.lproj/Main.storyboard; sourceTree = "<group>"; };
		8E8FA94123BC9C9600998479 /* MyCoreData.xcdatamodel */ = {isa = PBXFileReference; lastKnownFileType = wrapper.xcdatamodel; path = MyCoreData.xcdatamodel; sourceTree = "<group>"; };
		8E8FA94323BC9C9600998479 /* Assets.xcassets */ = {isa = PBXFileReference; lastKnownFileType = folder.assetcatalog; path = Assets.xcassets; sourceTree = "<group>"; };
		8E8FA94623BC9C9600998479 /* Base */ = {isa = PBXFileReference; lastKnownFileType = file.storyboard; name = Base; path = Base.lproj/LaunchScreen.storyboard; sourceTree = "<group>"; };
		8E8FA94823BC9C9600998479 /* Info.plist */ = {isa = PBXFileReference; lastKnownFileType = text.plist.xml; path = Info.plist; sourceTree = "<group>"; };
		8EBA441423C7261A00B32D1A /* MYTableViewCell.swift */ = {isa = PBXFileReference; lastKnownFileType = sourcecode.swift; path = MYTableViewCell.swift; sourceTree = "<group>"; };
		8EEF3B1B23C72BFC00B6673F /* MYTableViewController.swift */ = {isa = PBXFileReference; lastKnownFileType = sourcecode.swift; path = MYTableViewController.swift; sourceTree = "<group>"; };
/* End PBXFileReference section */

/* Begin PBXFrameworksBuildPhase section */
		8E8FA93323BC9C9600998479 /* Frameworks */ = {
			isa = PBXFrameworksBuildPhase;
			buildActionMask = 2147483647;
			files = (
			);
			runOnlyForDeploymentPostprocessing = 0;
		};
/* End PBXFrameworksBuildPhase section */

/* Begin PBXGroup section */
		8E8FA92D23BC9C9600998479 = {
			isa = PBXGroup;
			children = (
				8E8FA93823BC9C9600998479 /* MyCoreData */,
				8E8FA93723BC9C9600998479 /* Products */,
			);
			sourceTree = "<group>";
		};
		8E8FA93723BC9C9600998479 /* Products */ = {
			isa = PBXGroup;
			children = (
				8E8FA93623BC9C9600998479 /* MyCoreData.app */,
			);
			name = Products;
			sourceTree = "<group>";
		};
		8E8FA93823BC9C9600998479 /* MyCoreData */ = {
			isa = PBXGroup;
			children = (
				8E8FA93923BC9C9600998479 /* AppDelegate.swift */,
				8E8FA93B23BC9C9600998479 /* ViewController.swift */,
				8E8FA93D23BC9C9600998479 /* Main.storyboard */,
				8E8FA94323BC9C9600998479 /* Assets.xcassets */,
				8E8FA94523BC9C9600998479 /* LaunchScreen.storyboard */,
				8E8FA94823BC9C9600998479 /* Info.plist */,
				8E8FA94023BC9C9600998479 /* MyCoreData.xcdatamodeld */,
				8EBA441423C7261A00B32D1A /* MYTableViewCell.swift */,
				8EEF3B1B23C72BFC00B6673F /* MYTableViewController.swift */,
			);
			path = MyCoreData;
			sourceTree = "<group>";
		};
/* End PBXGroup section */

/* Begin PBXNativeTarget section */
		8E8FA93523BC9C9600998479 /* MyCoreData */ = {
			isa = PBXNativeTarget;
			buildConfigurationList = 8E8FA94B23BC9C9600998479 /* Build configuration list for PBXNativeTarget "MyCoreData" */;
			buildPhases = (
				8E8FA93223BC9C9600998479 /* Sources */,
				8E8FA93323BC9C9600998479 /* Frameworks */,
				8E8FA93423BC9C9600998479 /* Resources */,
			);
			buildRules = (
			);
			dependencies = (
			);
			name = MyCoreData;
			productName = MyCoreData;
			productReference = 8E8FA93623BC9C9600998479 /* MyCoreData.app */;
			productType = "com.apple.product-type.application";
		};
/* End PBXNativeTarget section */

/* Begin PBXProject section */
		8E8FA92E23BC9C9600998479 /* Project object */ = {
			isa = PBXProject;
			attributes = {
				LastSwiftUpdateCheck = 0920;
				LastUpgradeCheck = 0920;
				ORGANIZATIONNAME = "COE-008";
				TargetAttributes = {
					8E8FA93523BC9C9600998479 = {
						CreatedOnToolsVersion = 9.2;
						ProvisioningStyle = Automatic;
					};
				};
			};
			buildConfigurationList = 8E8FA93123BC9C9600998479 /* Build configuration list for PBXProject "MyCoreData" */;
			compatibilityVersion = "Xcode 8.0";
			developmentRegion = en;
			hasScannedForEncodings = 0;
			knownRegions = (
				en,
				Base,
			);
			mainGroup = 8E8FA92D23BC9C9600998479;
			productRefGroup = 8E8FA93723BC9C9600998479 /* Products */;
			projectDirPath = "";
			projectRoot = "";
			targets = (
				8E8FA93523BC9C9600998479 /* MyCoreData */,
			);
		};
/* End PBXProject section */

/* Begin PBXResourcesBuildPhase section */
		8E8FA93423BC9C9600998479 /* Resources */ = {
			isa = PBXResourcesBuildPhase;
			buildActionMask = 2147483647;
			files = (
				8E8FA94723BC9C9600998479 /* LaunchScreen.storyboard in Resources */,
				8E8FA94423BC9C9600998479 /* Assets.xcassets in Resources */,
				8E8FA93F23BC9C9600998479 /* Main.storyboard in Resources */,
			);
			runOnlyForDeploymentPostprocessing = 0;
		};
/* End PBXResourcesBuildPhase section */

/* Begin PBXSourcesBuildPhase section */
		8E8FA93223BC9C9600998479 /* Sources */ = {
			isa = PBXSourcesBuildPhase;
			buildActionMask = 2147483647;
			files = (
				8E8FA93C23BC9C9600998479 /* ViewController.swift in Sources */,
				8EBA441523C7261A00B32D1A /* MYTableViewCell.swift in Sources */,
				8EEF3B1C23C72BFC00B6673F /* MYTableViewController.swift in Sources */,
				8E8FA93A23BC9C9600998479 /* AppDelegate.swift in Sources */,
				8E8FA94223BC9C9600998479 /* MyCoreData.xcdatamodeld in Sources */,
			);
			runOnlyForDeploymentPostprocessing = 0;
		};
/* End PBXSourcesBuildPhase section */

/* Begin PBXVariantGroup section */
		8E8FA93D23BC9C9600998479 /* Main.storyboard */ = {
			isa = PBXVariantGroup;
			children = (
				8E8FA93E23BC9C9600998479 /* Base */,
			);
			name = Main.storyboard;
			sourceTree = "<group>";
		};
		8E8FA94523BC9C9600998479 /* LaunchScreen.storyboard */ = {
			isa = PBXVariantGroup;
			children = (
				8E8FA94623BC9C9600998479 /* Base */,
			);
			name = LaunchScreen.storyboard;
			sourceTree = "<group>";
		};
/* End PBXVariantGroup section */

/* Begin XCBuildConfiguration section */
		8E8FA94923BC9C9600998479 /* Debug */ = {
			isa = XCBuildConfiguration;
			buildSettings = {
				ALWAYS_SEARCH_USER_PATHS = NO;
				CLANG_ANALYZER_NONNULL = YES;
				CLANG_ANALYZER_NUMBER_OBJECT_CONVERSION = YES_AGGRESSIVE;
				CLANG_CXX_LANGUAGE_STANDARD = "gnu++14";
				CLANG_CXX_LIBRARY = "libc++";
				CLANG_ENABLE_MODULES = YES;
				CLANG_ENABLE_OBJC_ARC = YES;
				CLANG_WARN_BLOCK_CAPTURE_AUTORELEASING = YES;
				CLANG_WARN_BOOL_CONVERSION = YES;
				CLANG_WARN_COMMA = YES;
				CLANG_WARN_CONSTANT_CONVERSION = YES;
				CLANG_WARN_DIRECT_OBJC_ISA_USAGE = YES_ERROR;
				CLANG_WARN_DOCUMENTATION_COMMENTS = YES;
				CLANG_WARN_EMPTY_BODY = YES;
				CLANG_WARN_ENUM_CONVERSION = YES;
				CLANG_WARN_INFINITE_RECURSION = YES;
				CLANG_WARN_INT_CONVERSION = YES;
				CLANG_WARN_NON_LITERAL_NULL_CONVERSION = YES;
				CLANG_WARN_OBJC_LITERAL_CONVERSION = YES;
				CLANG_WARN_OBJC_ROOT_CLASS = YES_ERROR;
				CLANG_WARN_RANGE_LOOP_ANALYSIS = YES;
				CLANG_WARN_STRICT_PROTOTYPES = YES;
				CLANG_WARN_SUSPICIOUS_MOVE = YES;
				CLANG_WARN_UNGUARDED_AVAILABILITY = YES_AGGRESSIVE;
				CLANG_WARN_UNREACHABLE_CODE = YES;
				CLANG_WARN__DUPLICATE_METHOD_MATCH = YES;
				CODE_SIGN_IDENTITY = "iPhone Developer";
				COPY_PHASE_STRIP = NO;
				DEBUG_INFORMATION_FORMAT = dwarf;
				ENABLE_STRICT_OBJC_MSGSEND = YES;
				ENABLE_TESTABILITY = YES;
				GCC_C_LANGUAGE_STANDARD = gnu11;
				GCC_DYNAMIC_NO_PIC = NO;
				GCC_NO_COMMON_BLOCKS = YES;
				GCC_OPTIMIZATION_LEVEL = 0;
				GCC_PREPROCESSOR_DEFINITIONS = (
					"DEBUG=1",
					"$(inherited)",
				);
				GCC_WARN_64_TO_32_BIT_CONVERSION = YES;
				GCC_WARN_ABOUT_RETURN_TYPE = YES_ERROR;
				GCC_WARN_UNDECLARED_SELECTOR = YES;
				GCC_WARN_UNINITIALIZED_AUTOS = YES_AGGRESSIVE;
				GCC_WARN_UNUSED_FUNCTION = YES;
				GCC_WARN_UNUSED_VARIABLE = YES;
				IPHONEOS_DEPLOYMENT_TARGET = 11.2;
				MTL_ENABLE_DEBUG_INFO = YES;
				ONLY_ACTIVE_ARCH = YES;
				SDKROOT = iphoneos;
				SWIFT_ACTIVE_COMPILATION_CONDITIONS = DEBUG;
				SWIFT_OPTIMIZATION_LEVEL = "-Onone";
			};
			name = Debug;
		};
		8E8FA94A23BC9C9600998479 /* Release */ = {
			isa = XCBuildConfiguration;
			buildSettings = {
				ALWAYS_SEARCH_USER_PATHS = NO;
				CLANG_ANALYZER_NONNULL = YES;
				CLANG_ANALYZER_NUMBER_OBJECT_CONVERSION = YES_AGGRESSIVE;
				CLANG_CXX_LANGUAGE_STANDARD = "gnu++14";
				CLANG_CXX_LIBRARY = "libc++";
				CLANG_ENABLE_MODULES = YES;
				CLANG_ENABLE_OBJC_ARC = YES;
				CLANG_WARN_BLOCK_CAPTURE_AUTORELEASING = YES;
				CLANG_WARN_BOOL_CONVERSION = YES;
				CLANG_WARN_COMMA = YES;
				CLANG_WARN_CONSTANT_CONVERSION = YES;
				CLANG_WARN_DIRECT_OBJC_ISA_USAGE = YES_ERROR;
				CLANG_WARN_DOCUMENTATION_COMMENTS = YES;
				CLANG_WARN_EMPTY_BODY = YES;
				CLANG_WARN_ENUM_CONVERSION = YES;
				CLANG_WARN_INFINITE_RECURSION = YES;
				CLANG_WARN_INT_CONVERSION = YES;
				CLANG_WARN_NON_LITERAL_NULL_CONVERSION = YES;
				CLANG_WARN_OBJC_LITERAL_CONVERSION = YES;
				CLANG_WARN_OBJC_ROOT_CLASS = YES_ERROR;
				CLANG_WARN_RANGE_LOOP_ANALYSIS = YES;
				CLANG_WARN_STRICT_PROTOTYPES = YES;
				CLANG_WARN_SUSPICIOUS_MOVE = YES;
				CLANG_WARN_UNGUARDED_AVAILABILITY = YES_AGGRESSIVE;
				CLANG_WARN_UNREACHABLE_CODE = YES;
				CLANG_WARN__DUPLICATE_METHOD_MATCH = YES;
				CODE_SIGN_IDENTITY = "iPhone Developer";
				COPY_PHASE_STRIP = NO;
				DEBUG_INFORMATION_FORMAT = "dwarf-with-dsym";
				ENABLE_NS_ASSERTIONS = NO;
				ENABLE_STRICT_OBJC_MSGSEND = YES;
				GCC_C_LANGUAGE_STANDARD = gnu11;
				GCC_NO_COMMON_BLOCKS = YES;
				GCC_WARN_64_TO_32_BIT_CONVERSION = YES;
				GCC_WARN_ABOUT_RETURN_TYPE = YES_ERROR;
				GCC_WARN_UNDECLARED_SELECTOR = YES;
				GCC_WARN_UNINITIALIZED_AUTOS = YES_AGGRESSIVE;
				GCC_WARN_UNUSED_FUNCTION = YES;
				GCC_WARN_UNUSED_VARIABLE = YES;
				IPHONEOS_DEPLOYMENT_TARGET = 11.2;
				MTL_ENABLE_DEBUG_INFO = NO;
				SDKROOT = iphoneos;
				SWIFT_OPTIMIZATION_LEVEL = "-Owholemodule";
				VALIDATE_PRODUCT = YES;
			};
			name = Release;
		};
		8E8FA94C23BC9C9600998479 /* Debug */ = {
			isa = XCBuildConfiguration;
			buildSettings = {
				ASSETCATALOG_COMPILER_APPICON_NAME = AppIcon;
				CODE_SIGN_STYLE = Automatic;
				INFOPLIST_FILE = MyCoreData/Info.plist;
				LD_RUNPATH_SEARCH_PATHS = "$(inherited) @executable_path/Frameworks";
				PRODUCT_BUNDLE_IDENTIFIER = Vijay.MyCoreData;
				PRODUCT_NAME = "$(TARGET_NAME)";
				SWIFT_VERSION = 4.0;
				TARGETED_DEVICE_FAMILY = "1,2";
			};
			name = Debug;
		};
		8E8FA94D23BC9C9600998479 /* Release */ = {
			isa = XCBuildConfiguration;
			buildSettings = {
				ASSETCATALOG_COMPILER_APPICON_NAME = AppIcon;
				CODE_SIGN_STYLE = Automatic;
				INFOPLIST_FILE = MyCoreData/Info.plist;
				LD_RUNPATH_SEARCH_PATHS = "$(inherited) @executable_path/Frameworks";
				PRODUCT_BUNDLE_IDENTIFIER = Vijay.MyCoreData;
				PRODUCT_NAME = "$(TARGET_NAME)";
				SWIFT_VERSION = 4.0;
				TARGETED_DEVICE_FAMILY = "1,2";
			};
			name = Release;
		};
/* End XCBuildConfiguration section */

/* Begin XCConfigurationList section */
		8E8FA93123BC9C9600998479 /* Build configuration list for PBXProject "MyCoreData" */ = {
			isa = XCConfigurationList;
			buildConfigurations = (
				8E8FA94923BC9C9600998479 /* Debug */,
				8E8FA94A23BC9C9600998479 /* Release */,
			);
			defaultConfigurationIsVisible = 0;
			defaultConfigurationName = Release;
		};
		8E8FA94B23BC9C9600998479 /* Build configuration list for PBXNativeTarget "MyCoreData" */ = {
			isa = XCConfigurationList;
			buildConfigurations = (
				8E8FA94C23BC9C9600998479 /* Debug */,
				8E8FA94D23BC9C9600998479 /* Release */,
			);
			defaultConfigurationIsVisible = 0;
			defaultConfigurationName = Release;
		};
/* End XCConfigurationList section */

/* Begin XCVersionGroup section */
		8E8FA94023BC9C9600998479 /* MyCoreData.xcdatamodeld */ = {
			isa = XCVersionGroup;
			children = (
				8E8FA94123BC9C9600998479 /* MyCoreData.xcdatamodel */,
			);
			currentVersion = 8E8FA94123BC9C9600998479 /* MyCoreData.xcdatamodel */;
			path = MyCoreData.xcdatamodeld;
			sourceTree = "<group>";
			versionGroupType = wrapper.xcdatamodel;
		};
/* End XCVersionGroup section */
	};
	rootObject = 8E8FA92E23BC9C9600998479 /* Project object */;
}
